{
  "name": "qianbao",
  "version": "1.0.0",
  "lockfileVersion": 1,
  "requires": true,
  "dependencies": {
    "uview-ui": {
      "version": "1.3.4",
      "resolved": "https://registry.npmjs.org/uview-ui/-/uview-ui-1.2.9.tgz",
      "integrity": "sha512-qCcJcdm/AOKGA8gGq0nKJ0VL40I3e+pQXqVjpZTAplckrrM0LShibtj2WlT0haQcSgyesTlWYPY9+jT/GsBb1A=="
    }
  }
}
